// !$*UTF8*$!
{
	archiveVersion = 1;
	classes = {
	};
	objectVersion = 46;
	objects = {

/* Begin PBXBuildFile section */
		3337985E1D7827A9001CE7FB /* main.m in Sources */ = {isa = PBXBuildFile; fileRef = 3337985D1D7827A9001CE7FB /* main.m */; };
		333798691D7827A9001CE7FB /* Assets.xcassets in Resources */ = {isa = PBXBuildFile; fileRef = 333798681D7827A9001CE7FB /* Assets.xcassets */; };
		3337986C1D7827A9001CE7FB /* LaunchScreen.storyboard in Resources */ = {isa = PBXBuildFile; fileRef = 3337986A1D7827A9001CE7FB /* LaunchScreen.storyboard */; };
		333798771D7827A9001CE7FB /* XC_WeChatTests.m in Sources */ = {isa = PBXBuildFile; fileRef = 333798761D7827A9001CE7FB /* XC_WeChatTests.m */; };
		333798821D7827A9001CE7FB /* XC_WeChatUITests.m in Sources */ = {isa = PBXBuildFile; fileRef = 333798811D7827A9001CE7FB /* XC_WeChatUITests.m */; };
		333798A71D7829B9001CE7FB /* AppDelegate.m in Sources */ = {isa = PBXBuildFile; fileRef = 3337989C1D7829B9001CE7FB /* AppDelegate.m */; };
		333798A81D7829B9001CE7FB /* XCMainTabBarController.m in Sources */ = {isa = PBXBuildFile; fileRef = 333798A41D7829B9001CE7FB /* XCMainTabBarController.m */; };
		333798AB1D782B5A001CE7FB /* XCHomeTableViewController.m in Sources */ = {isa = PBXBuildFile; fileRef = 333798AA1D782B5A001CE7FB /* XCHomeTableViewController.m */; };
		333798AE1D782B87001CE7FB /* XCDiscoverTableViewController.m in Sources */ = {isa = PBXBuildFile; fileRef = 333798AD1D782B87001CE7FB /* XCDiscoverTableViewController.m */; };
		333798B11D782BA0001CE7FB /* XCContactsTableViewController.m in Sources */ = {isa = PBXBuildFile; fileRef = 333798B01D782BA0001CE7FB /* XCContactsTableViewController.m */; };
		333798B41D782BB1001CE7FB /* XCMeTableViewController.m in Sources */ = {isa = PBXBuildFile; fileRef = 333798B31D782BB1001CE7FB /* XCMeTableViewController.m */; };
		333798EB1D782FBA001CE7FB /* 0.jpg in Resources */ = {isa = PBXBuildFile; fileRef = 333798B61D782FBA001CE7FB /* 0.jpg */; };
		333798EC1D782FBA001CE7FB /* 1.jpg in Resources */ = {isa = PBXBuildFile; fileRef = 333798B71D782FBA001CE7FB /* 1.jpg */; };
		333798ED1D782FBA001CE7FB /* 10.jpg in Resources */ = {isa = PBXBuildFile; fileRef = 333798B81D782FBA001CE7FB /* 10.jpg */; };
		333798EE1D782FBA001CE7FB /* 11.jpg in Resources */ = {isa = PBXBuildFile; fileRef = 333798B91D782FBA001CE7FB /* 11.jpg */; };
		333798EF1D782FBA001CE7FB /* 12.jpg in Resources */ = {isa = PBXBuildFile; fileRef = 333798BA1D782FBA001CE7FB /* 12.jpg */; };
		333798F01D782FBA001CE7FB /* 13.jpg in Resources */ = {isa = PBXBuildFile; fileRef = 333798BB1D782FBA001CE7FB /* 13.jpg */; };
		333798F11D782FBA001CE7FB /* 14.jpg in Resources */ = {isa = PBXBuildFile; fileRef = 333798BC1D782FBA001CE7FB /* 14.jpg */; };
		333798F21D782FBA001CE7FB /* 15.jpg in Resources */ = {isa = PBXBuildFile; fileRef = 333798BD1D782FBA001CE7FB /* 15.jpg */; };
		333798F31D782FBA001CE7FB /* 16.jpg in Resources */ = {isa = PBXBuildFile; fileRef = 333798BE1D782FBA001CE7FB /* 16.jpg */; };
		333798F41D782FBA001CE7FB /* 17.jpg in Resources */ = {isa = PBXBuildFile; fileRef = 333798BF1D782FBA001CE7FB /* 17.jpg */; };
		333798F51D782FBA001CE7FB /* 18.jpg in Resources */ = {isa = PBXBuildFile; fileRef = 333798C01D782FBA001CE7FB /* 18.jpg */; };
		333798F61D782FBA001CE7FB /* 19.jpg in Resources */ = {isa = PBXBuildFile; fileRef = 333798C11D782FBA001CE7FB /* 19.jpg */; };
		333798F71D782FBA001CE7FB /* 2.jpg in Resources */ = {isa = PBXBuildFile; fileRef = 333798C21D782FBA001CE7FB /* 2.jpg */; };
		333798F81D782FBA001CE7FB /* 20.jpg in Resources */ = {isa = PBXBuildFile; fileRef = 333798C31D782FBA001CE7FB /* 20.jpg */; };
		333798F91D782FBA001CE7FB /* 21.jpg in Resources */ = {isa = PBXBuildFile; fileRef = 333798C41D782FBA001CE7FB /* 21.jpg */; };
		333798FA1D782FBA001CE7FB /* 22.jpg in Resources */ = {isa = PBXBuildFile; fileRef = 333798C51D782FBA001CE7FB /* 22.jpg */; };
		333798FB1D782FBA001CE7FB /* 23.jpg in Resources */ = {isa = PBXBuildFile; fileRef = 333798C61D782FBA001CE7FB /* 23.jpg */; };
		333798FC1D782FBA001CE7FB /* 3.jpg in Resources */ = {isa = PBXBuildFile; fileRef = 333798C71D782FBA001CE7FB /* 3.jpg */; };
		333798FD1D782FBA001CE7FB /* 4.jpg in Resources */ = {isa = PBXBuildFile; fileRef = 333798C81D782FBA001CE7FB /* 4.jpg */; };
		333798FE1D782FBA001CE7FB /* 5.jpg in Resources */ = {isa = PBXBuildFile; fileRef = 333798C91D782FBA001CE7FB /* 5.jpg */; };
		333798FF1D782FBA001CE7FB /* 6.jpg in Resources */ = {isa = PBXBuildFile; fileRef = 333798CA1D782FBA001CE7FB /* 6.jpg */; };
		333799001D782FBA001CE7FB /* 7.jpg in Resources */ = {isa = PBXBuildFile; fileRef = 333798CB1D782FBA001CE7FB /* 7.jpg */; };
		333799011D782FBA001CE7FB /* 8.jpg in Resources */ = {isa = PBXBuildFile; fileRef = 333798CC1D782FBA001CE7FB /* 8.jpg */; };
		333799021D782FBA001CE7FB /* 9.jpg in Resources */ = {isa = PBXBuildFile; fileRef = 333798CD1D782FBA001CE7FB /* 9.jpg */; };
		333799031D782FBA001CE7FB /* icon0.jpg in Resources */ = {isa = PBXBuildFile; fileRef = 333798CE1D782FBA001CE7FB /* icon0.jpg */; };
		333799041D782FBA001CE7FB /* icon1.jpg in Resources */ = {isa = PBXBuildFile; fileRef = 333798CF1D782FBA001CE7FB /* icon1.jpg */; };
		333799051D782FBA001CE7FB /* icon2.jpg in Resources */ = {isa = PBXBuildFile; fileRef = 333798D01D782FBA001CE7FB /* icon2.jpg */; };
		333799061D782FBA001CE7FB /* icon3.jpg in Resources */ = {isa = PBXBuildFile; fileRef = 333798D11D782FBA001CE7FB /* icon3.jpg */; };
		333799071D782FBA001CE7FB /* icon4.jpg in Resources */ = {isa = PBXBuildFile; fileRef = 333798D21D782FBA001CE7FB /* icon4.jpg */; };
		333799081D782FBA001CE7FB /* Contacts.xcassets in Resources */ = {isa = PBXBuildFile; fileRef = 333798D31D782FBA001CE7FB /* Contacts.xcassets */; };
		333799091D782FBA001CE7FB /* Discover.xcassets in Resources */ = {isa = PBXBuildFile; fileRef = 333798D41D782FBA001CE7FB /* Discover.xcassets */; };
		3337990A1D782FBA001CE7FB /* Home.xcassets in Resources */ = {isa = PBXBuildFile; fileRef = 333798D51D782FBA001CE7FB /* Home.xcassets */; };
		3337990B1D782FBA001CE7FB /* Images.xcassets in Resources */ = {isa = PBXBuildFile; fileRef = 333798D61D782FBA001CE7FB /* Images.xcassets */; };
		3337990C1D782FBA001CE7FB /* Me.xcassets in Resources */ = {isa = PBXBuildFile; fileRef = 333798D71D782FBA001CE7FB /* Me.xcassets */; };
		3337990D1D782FBA001CE7FB /* test0.jpg in Resources */ = {isa = PBXBuildFile; fileRef = 333798D91D782FBA001CE7FB /* test0.jpg */; };
		3337990E1D782FBA001CE7FB /* test1.jpg in Resources */ = {isa = PBXBuildFile; fileRef = 333798DA1D782FBA001CE7FB /* test1.jpg */; };
		3337990F1D782FBA001CE7FB /* test2.jpg in Resources */ = {isa = PBXBuildFile; fileRef = 333798DB1D782FBA001CE7FB /* test2.jpg */; };
		333799101D782FBA001CE7FB /* test3.jpg in Resources */ = {isa = PBXBuildFile; fileRef = 333798DC1D782FBA001CE7FB /* test3.jpg */; };
		333799111D782FBA001CE7FB /* test4.jpg in Resources */ = {isa = PBXBuildFile; fileRef = 333798DD1D782FBA001CE7FB /* test4.jpg */; };
		333799121D782FBA001CE7FB /* pbg.jpg in Resources */ = {isa = PBXBuildFile; fileRef = 333798DF1D782FBA001CE7FB /* pbg.jpg */; };
		333799131D782FBA001CE7FB /* pic0.jpg in Resources */ = {isa = PBXBuildFile; fileRef = 333798E01D782FBA001CE7FB /* pic0.jpg */; };
		333799141D782FBA001CE7FB /* pic1.jpg in Resources */ = {isa = PBXBuildFile; fileRef = 333798E11D782FBA001CE7FB /* pic1.jpg */; };
		333799151D782FBA001CE7FB /* pic2.jpg in Resources */ = {isa = PBXBuildFile; fileRef = 333798E21D782FBA001CE7FB /* pic2.jpg */; };
		333799161D782FBA001CE7FB /* pic3.jpg in Resources */ = {isa = PBXBuildFile; fileRef = 333798E31D782FBA001CE7FB /* pic3.jpg */; };
		333799171D782FBA001CE7FB /* pic4.jpg in Resources */ = {isa = PBXBuildFile; fileRef = 333798E41D782FBA001CE7FB /* pic4.jpg */; };
		333799181D782FBA001CE7FB /* pic5.jpg in Resources */ = {isa = PBXBuildFile; fileRef = 333798E51D782FBA001CE7FB /* pic5.jpg */; };
		333799191D782FBA001CE7FB /* pic6.jpg in Resources */ = {isa = PBXBuildFile; fileRef = 333798E61D782FBA001CE7FB /* pic6.jpg */; };
		3337991A1D782FBA001CE7FB /* pic7.jpg in Resources */ = {isa = PBXBuildFile; fileRef = 333798E71D782FBA001CE7FB /* pic7.jpg */; };
		3337991B1D782FBA001CE7FB /* pic8.jpg in Resources */ = {isa = PBXBuildFile; fileRef = 333798E81D782FBA001CE7FB /* pic8.jpg */; };
		3337991C1D782FBA001CE7FB /* picon.jpg in Resources */ = {isa = PBXBuildFile; fileRef = 333798E91D782FBA001CE7FB /* picon.jpg */; };
		3337991D1D782FBA001CE7FB /* tx.jpeg in Resources */ = {isa = PBXBuildFile; fileRef = 333798EA1D782FBA001CE7FB /* tx.jpeg */; };
/* End PBXBuildFile section */

/* Begin PBXContainerItemProxy section */
		333798731D7827A9001CE7FB /* PBXContainerItemProxy */ = {
			isa = PBXContainerItemProxy;
			containerPortal = 333798511D7827A8001CE7FB /* Project object */;
			proxyType = 1;
			remoteGlobalIDString = 333798581D7827A8001CE7FB;
			remoteInfo = XC_WeChat;
		};
		3337987E1D7827A9001CE7FB /* PBXContainerItemProxy */ = {
			isa = PBXContainerItemProxy;
			containerPortal = 333798511D7827A8001CE7FB /* Project object */;
			proxyType = 1;
			remoteGlobalIDString = 333798581D7827A8001CE7FB;
			remoteInfo = XC_WeChat;
		};
/* End PBXContainerItemProxy section */

/* Begin PBXFileReference section */
		333798591D7827A8001CE7FB /* XC_WeChat.app */ = {isa = PBXFileReference; explicitFileType = wrapper.application; includeInIndex = 0; path = XC_WeChat.app; sourceTree = BUILT_PRODUCTS_DIR; };
		3337985D1D7827A9001CE7FB /* main.m */ = {isa = PBXFileReference; lastKnownFileType = sourcecode.c.objc; path = main.m; sourceTree = "<group>"; };
		333798681D7827A9001CE7FB /* Assets.xcassets */ = {isa = PBXFileReference; lastKnownFileType = folder.assetcatalog; path = Assets.xcassets; sourceTree = "<group>"; };
		3337986B1D7827A9001CE7FB /* Base */ = {isa = PBXFileReference; lastKnownFileType = file.storyboard; name = Base; path = Base.lproj/LaunchScreen.storyboard; sourceTree = "<group>"; };
		3337986D1D7827A9001CE7FB /* Info.plist */ = {isa = PBXFileReference; lastKnownFileType = text.plist.xml; path = Info.plist; sourceTree = "<group>"; };
		333798721D7827A9001CE7FB /* XC_WeChatTests.xctest */ = {isa = PBXFileReference; explicitFileType = wrapper.cfbundle; includeInIndex = 0; path = XC_WeChatTests.xctest; sourceTree = BUILT_PRODUCTS_DIR; };
		333798761D7827A9001CE7FB /* XC_WeChatTests.m */ = {isa = PBXFileReference; lastKnownFileType = sourcecode.c.objc; path = XC_WeChatTests.m; sourceTree = "<group>"; };
		333798781D7827A9001CE7FB /* Info.plist */ = {isa = PBXFileReference; lastKnownFileType = text.plist.xml; path = Info.plist; sourceTree = "<group>"; };
		3337987D1D7827A9001CE7FB /* XC_WeChatUITests.xctest */ = {isa = PBXFileReference; explicitFileType = wrapper.cfbundle; includeInIndex = 0; path = XC_WeChatUITests.xctest; sourceTree = BUILT_PRODUCTS_DIR; };
		333798811D7827A9001CE7FB /* XC_WeChatUITests.m */ = {isa = PBXFileReference; lastKnownFileType = sourcecode.c.objc; path = XC_WeChatUITests.m; sourceTree = "<group>"; };
		333798831D7827A9001CE7FB /* Info.plist */ = {isa = PBXFileReference; lastKnownFileType = text.plist.xml; path = Info.plist; sourceTree = "<group>"; };
		3337989B1D7829B9001CE7FB /* AppDelegate.h */ = {isa = PBXFileReference; fileEncoding = 4; lastKnownFileType = sourcecode.c.h; path = AppDelegate.h; sourceTree = "<group>"; };
		3337989C1D7829B9001CE7FB /* AppDelegate.m */ = {isa = PBXFileReference; fileEncoding = 4; lastKnownFileType = sourcecode.c.objc; path = AppDelegate.m; sourceTree = "<group>"; };
		333798A31D7829B9001CE7FB /* XCMainTabBarController.h */ = {isa = PBXFileReference; fileEncoding = 4; lastKnownFileType = sourcecode.c.h; path = XCMainTabBarController.h; sourceTree = "<group>"; };
		333798A41D7829B9001CE7FB /* XCMainTabBarController.m */ = {isa = PBXFileReference; fileEncoding = 4; lastKnownFileType = sourcecode.c.objc; path = XCMainTabBarController.m; sourceTree = "<group>"; };
		333798A91D782B5A001CE7FB /* XCHomeTableViewController.h */ = {isa = PBXFileReference; fileEncoding = 4; lastKnownFileType = sourcecode.c.h; path = XCHomeTableViewController.h; sourceTree = "<group>"; };
		333798AA1D782B5A001CE7FB /* XCHomeTableViewController.m */ = {isa = PBXFileReference; fileEncoding = 4; lastKnownFileType = sourcecode.c.objc; path = XCHomeTableViewController.m; sourceTree = "<group>"; };
		333798AC1D782B87001CE7FB /* XCDiscoverTableViewController.h */ = {isa = PBXFileReference; fileEncoding = 4; lastKnownFileType = sourcecode.c.h; path = XCDiscoverTableViewController.h; sourceTree = "<group>"; };
		333798AD1D782B87001CE7FB /* XCDiscoverTableViewController.m */ = {isa = PBXFileReference; fileEncoding = 4; lastKnownFileType = sourcecode.c.objc; path = XCDiscoverTableViewController.m; sourceTree = "<group>"; };
		333798AF1D782BA0001CE7FB /* XCContactsTableViewController.h */ = {isa = PBXFileReference; fileEncoding = 4; lastKnownFileType = sourcecode.c.h; path = XCContactsTableViewController.h; sourceTree = "<group>"; };
		333798B01D782BA0001CE7FB /* XCContactsTableViewController.m */ = {isa = PBXFileReference; fileEncoding = 4; lastKnownFileType = sourcecode.c.objc; path = XCContactsTableViewController.m; sourceTree = "<group>"; };
		333798B21D782BB1001CE7FB /* XCMeTableViewController.h */ = {isa = PBXFileReference; fileEncoding = 4; lastKnownFileType = sourcecode.c.h; path = XCMeTableViewController.h; sourceTree = "<group>"; };
		333798B31D782BB1001CE7FB /* XCMeTableViewController.m */ = {isa = PBXFileReference; fileEncoding = 4; lastKnownFileType = sourcecode.c.objc; path = XCMeTableViewController.m; sourceTree = "<group>"; };
		333798B61D782FBA001CE7FB /* 0.jpg */ = {isa = PBXFileReference; lastKnownFileType = image.jpeg; path = 0.jpg; sourceTree = "<group>"; };
		333798B71D782FBA001CE7FB /* 1.jpg */ = {isa = PBXFileReference; lastKnownFileType = image.jpeg; path = 1.jpg; sourceTree = "<group>"; };
		333798B81D782FBA001CE7FB /* 10.jpg */ = {isa = PBXFileReference; lastKnownFileType = image.jpeg; path = 10.jpg; sourceTree = "<group>"; };
		333798B91D782FBA001CE7FB /* 11.jpg */ = {isa = PBXFileReference; lastKnownFileType = image.jpeg; path = 11.jpg; sourceTree = "<group>"; };
		333798BA1D782FBA001CE7FB /* 12.jpg */ = {isa = PBXFileReference; lastKnownFileType = image.jpeg; path = 12.jpg; sourceTree = "<group>"; };
		333798BB1D782FBA001CE7FB /* 13.jpg */ = {isa = PBXFileReference; lastKnownFileType = image.jpeg; path = 13.jpg; sourceTree = "<group>"; };
		333798BC1D782FBA001CE7FB /* 14.jpg */ = {isa = PBXFileReference; lastKnownFileType = image.jpeg; path = 14.jpg; sourceTree = "<group>"; };
		333798BD1D782FBA001CE7FB /* 15.jpg */ = {isa = PBXFileReference; lastKnownFileType = image.jpeg; path = 15.jpg; sourceTree = "<group>"; };
		333798BE1D782FBA001CE7FB /* 16.jpg */ = {isa = PBXFileReference; lastKnownFileType = image.jpeg; path = 16.jpg; sourceTree = "<group>"; };
		333798BF1D782FBA001CE7FB /* 17.jpg */ = {isa = PBXFileReference; lastKnownFileType = image.jpeg; path = 17.jpg; sourceTree = "<group>"; };
		333798C01D782FBA001CE7FB /* 18.jpg */ = {isa = PBXFileReference; lastKnownFileType = image.jpeg; path = 18.jpg; sourceTree = "<group>"; };
		333798C11D782FBA001CE7FB /* 19.jpg */ = {isa = PBXFileReference; lastKnownFileType = image.jpeg; path = 19.jpg; sourceTree = "<group>"; };
		333798C21D782FBA001CE7FB /* 2.jpg */ = {isa = PBXFileReference; lastKnownFileType = image.jpeg; path = 2.jpg; sourceTree = "<group>"; };
		333798C31D782FBA001CE7FB /* 20.jpg */ = {isa = PBXFileReference; lastKnownFileType = image.jpeg; path = 20.jpg; sourceTree = "<group>"; };
		333798C41D782FBA001CE7FB /* 21.jpg */ = {isa = PBXFileReference; lastKnownFileType = image.jpeg; path = 21.jpg; sourceTree = "<group>"; };
		333798C51D782FBA001CE7FB /* 22.jpg */ = {isa = PBXFileReference; lastKnownFileType = image.jpeg; path = 22.jpg; sourceTree = "<group>"; };
		333798C61D782FBA001CE7FB /* 23.jpg */ = {isa = PBXFileReference; lastKnownFileType = image.jpeg; path = 23.jpg; sourceTree = "<group>"; };
		333798C71D782FBA001CE7FB /* 3.jpg */ = {isa = PBXFileReference; lastKnownFileType = image.jpeg; path = 3.jpg; sourceTree = "<group>"; };
		333798C81D782FBA001CE7FB /* 4.jpg */ = {isa = PBXFileReference; lastKnownFileType = image.jpeg; path = 4.jpg; sourceTree = "<group>"; };
		333798C91D782FBA001CE7FB /* 5.jpg */ = {isa = PBXFileReference; lastKnownFileType = image.jpeg; path = 5.jpg; sourceTree = "<group>"; };
		333798CA1D782FBA001CE7FB /* 6.jpg */ = {isa = PBXFileReference; lastKnownFileType = image.jpeg; path = 6.jpg; sourceTree = "<group>"; };
		333798CB1D782FBA001CE7FB /* 7.jpg */ = {isa = PBXFileReference; lastKnownFileType = image.jpeg; path = 7.jpg; sourceTree = "<group>"; };
		333798CC1D782FBA001CE7FB /* 8.jpg */ = {isa = PBXFileReference; lastKnownFileType = image.jpeg; path = 8.jpg; sourceTree = "<group>"; };
		333798CD1D782FBA001CE7FB /* 9.jpg */ = {isa = PBXFileReference; lastKnownFileType = image.jpeg; path = 9.jpg; sourceTree = "<group>"; };
		333798CE1D782FBA001CE7FB /* icon0.jpg */ = {isa = PBXFileReference; lastKnownFileType = image.jpeg; path = icon0.jpg; sourceTree = "<group>"; };
		333798CF1D782FBA001CE7FB /* icon1.jpg */ = {isa = PBXFileReference; lastKnownFileType = image.jpeg; path = icon1.jpg; sourceTree = "<group>"; };
		333798D01D782FBA001CE7FB /* icon2.jpg */ = {isa = PBXFileReference; lastKnownFileType = image.jpeg; path = icon2.jpg; sourceTree = "<group>"; };
		333798D11D782FBA001CE7FB /* icon3.jpg */ = {isa = PBXFileReference; lastKnownFileType = image.jpeg; path = icon3.jpg; sourceTree = "<group>"; };
		333798D21D782FBA001CE7FB /* icon4.jpg */ = {isa = PBXFileReference; lastKnownFileType = image.jpeg; path = icon4.jpg; sourceTree = "<group>"; };
		333798D31D782FBA001CE7FB /* Contacts.xcassets */ = {isa = PBXFileReference; lastKnownFileType = folder.assetcatalog; path = Contacts.xcassets; sourceTree = "<group>"; };
		333798D41D782FBA001CE7FB /* Discover.xcassets */ = {isa = PBXFileReference; lastKnownFileType = folder.assetcatalog; path = Discover.xcassets; sourceTree = "<group>"; };
		333798D51D782FBA001CE7FB /* Home.xcassets */ = {isa = PBXFileReference; lastKnownFileType = folder.assetcatalog; path = Home.xcassets; sourceTree = "<group>"; };
		333798D61D782FBA001CE7FB /* Images.xcassets */ = {isa = PBXFileReference; lastKnownFileType = folder.assetcatalog; path = Images.xcassets; sourceTree = "<group>"; };
		333798D71D782FBA001CE7FB /* Me.xcassets */ = {isa = PBXFileReference; lastKnownFileType = folder.assetcatalog; path = Me.xcassets; sourceTree = "<group>"; };
		333798D91D782FBA001CE7FB /* test0.jpg */ = {isa = PBXFileReference; lastKnownFileType = image.jpeg; path = test0.jpg; sourceTree = "<group>"; };
		333798DA1D782FBA001CE7FB /* test1.jpg */ = {isa = PBXFileReference; lastKnownFileType = image.jpeg; path = test1.jpg; sourceTree = "<group>"; };
		333798DB1D782FBA001CE7FB /* test2.jpg */ = {isa = PBXFileReference; lastKnownFileType = image.jpeg; path = test2.jpg; sourceTree = "<group>"; };
		333798DC1D782FBA001CE7FB /* test3.jpg */ = {isa = PBXFileReference; lastKnownFileType = image.jpeg; path = test3.jpg; sourceTree = "<group>"; };
		333798DD1D782FBA001CE7FB /* test4.jpg */ = {isa = PBXFileReference; lastKnownFileType = image.jpeg; path = test4.jpg; sourceTree = "<group>"; };
		333798DF1D782FBA001CE7FB /* pbg.jpg */ = {isa = PBXFileReference; lastKnownFileType = image.jpeg; path = pbg.jpg; sourceTree = "<group>"; };
		333798E01D782FBA001CE7FB /* pic0.jpg */ = {isa = PBXFileReference; lastKnownFileType = image.jpeg; path = pic0.jpg; sourceTree = "<group>"; };
		333798E11D782FBA001CE7FB /* pic1.jpg */ = {isa = PBXFileReference; lastKnownFileType = image.jpeg; path = pic1.jpg; sourceTree = "<group>"; };
		333798E21D782FBA001CE7FB /* pic2.jpg */ = {isa = PBXFileReference; lastKnownFileType = image.jpeg; path = pic2.jpg; sourceTree = "<group>"; };
		333798E31D782FBA001CE7FB /* pic3.jpg */ = {isa = PBXFileReference; lastKnownFileType = image.jpeg; path = pic3.jpg; sourceTree = "<group>"; };
		333798E41D782FBA001CE7FB /* pic4.jpg */ = {isa = PBXFileReference; lastKnownFileType = image.jpeg; path = pic4.jpg; sourceTree = "<group>"; };
		333798E51D782FBA001CE7FB /* pic5.jpg */ = {isa = PBXFileReference; lastKnownFileType = image.jpeg; path = pic5.jpg; sourceTree = "<group>"; };
		333798E61D782FBA001CE7FB /* pic6.jpg */ = {isa = PBXFileReference; lastKnownFileType = image.jpeg; path = pic6.jpg; sourceTree = "<group>"; };
		333798E71D782FBA001CE7FB /* pic7.jpg */ = {isa = PBXFileReference; lastKnownFileType = image.jpeg; path = pic7.jpg; sourceTree = "<group>"; };
		333798E81D782FBA001CE7FB /* pic8.jpg */ = {isa = PBXFileReference; lastKnownFileType = image.jpeg; path = pic8.jpg; sourceTree = "<group>"; };
		333798E91D782FBA001CE7FB /* picon.jpg */ = {isa = PBXFileReference; lastKnownFileType = image.jpeg; path = picon.jpg; sourceTree = "<group>"; };
		333798EA1D782FBA001CE7FB /* tx.jpeg */ = {isa = PBXFileReference; lastKnownFileType = image.jpeg; path = tx.jpeg; sourceTree = "<group>"; };
/* End PBXFileReference section */

/* Begin PBXFrameworksBuildPhase section */
		333798561D7827A8001CE7FB /* Frameworks */ = {
			isa = PBXFrameworksBuildPhase;
			buildActionMask = 2147483647;
			files = (
			);
			runOnlyForDeploymentPostprocessing = 0;
		};
		3337986F1D7827A9001CE7FB /* Frameworks */ = {
			isa = PBXFrameworksBuildPhase;
			buildActionMask = 2147483647;
			files = (
			);
			runOnlyForDeploymentPostprocessing = 0;
		};
		3337987A1D7827A9001CE7FB /* Frameworks */ = {
			isa = PBXFrameworksBuildPhase;
			buildActionMask = 2147483647;
			files = (
			);
			runOnlyForDeploymentPostprocessing = 0;
		};
/* End PBXFrameworksBuildPhase section */

/* Begin PBXGroup section */
		333798501D7827A8001CE7FB = {
			isa = PBXGroup;
			children = (
				3337985B1D7827A8001CE7FB /* XC_WeChat */,
				333798751D7827A9001CE7FB /* XC_WeChatTests */,
				333798801D7827A9001CE7FB /* XC_WeChatUITests */,
				3337985A1D7827A8001CE7FB /* Products */,
			);
			sourceTree = "<group>";
		};
		3337985A1D7827A8001CE7FB /* Products */ = {
			isa = PBXGroup;
			children = (
				333798591D7827A8001CE7FB /* XC_WeChat.app */,
				333798721D7827A9001CE7FB /* XC_WeChatTests.xctest */,
				3337987D1D7827A9001CE7FB /* XC_WeChatUITests.xctest */,
			);
			name = Products;
			sourceTree = "<group>";
		};
		3337985B1D7827A8001CE7FB /* XC_WeChat */ = {
			isa = PBXGroup;
			children = (
				333798991D7829B9001CE7FB /* Classes */,
				333798961D7829B2001CE7FB /* Other */,
				3337985C1D7827A9001CE7FB /* Supporting Files */,
			);
			path = XC_WeChat;
			sourceTree = "<group>";
		};
		3337985C1D7827A9001CE7FB /* Supporting Files */ = {
			isa = PBXGroup;
			children = (
				333798681D7827A9001CE7FB /* Assets.xcassets */,
				3337986A1D7827A9001CE7FB /* LaunchScreen.storyboard */,
				3337986D1D7827A9001CE7FB /* Info.plist */,
				3337985D1D7827A9001CE7FB /* main.m */,
			);
			name = "Supporting Files";
			sourceTree = "<group>";
		};
		333798751D7827A9001CE7FB /* XC_WeChatTests */ = {
			isa = PBXGroup;
			children = (
				333798761D7827A9001CE7FB /* XC_WeChatTests.m */,
				333798781D7827A9001CE7FB /* Info.plist */,
			);
			path = XC_WeChatTests;
			sourceTree = "<group>";
		};
		333798801D7827A9001CE7FB /* XC_WeChatUITests */ = {
			isa = PBXGroup;
			children = (
				333798811D7827A9001CE7FB /* XC_WeChatUITests.m */,
				333798831D7827A9001CE7FB /* Info.plist */,
			);
			path = XC_WeChatUITests;
			sourceTree = "<group>";
		};
		333798961D7829B2001CE7FB /* Other */ = {
			isa = PBXGroup;
			children = (
				333798971D7829B2001CE7FB /* Resources */,
			);
			path = Other;
			sourceTree = "<group>";
		};
		333798971D7829B2001CE7FB /* Resources */ = {
			isa = PBXGroup;
			children = (
				333798981D7829B2001CE7FB /* Images */,
			);
			path = Resources;
			sourceTree = "<group>";
		};
		333798981D7829B2001CE7FB /* Images */ = {
			isa = PBXGroup;
			children = (
				333798B51D782FBA001CE7FB /* cell_icons */,
				333798D31D782FBA001CE7FB /* Contacts.xcassets */,
				333798D41D782FBA001CE7FB /* Discover.xcassets */,
				333798D51D782FBA001CE7FB /* Home.xcassets */,
				333798D61D782FBA001CE7FB /* Images.xcassets */,
				333798D71D782FBA001CE7FB /* Me.xcassets */,
				333798D81D782FBA001CE7FB /* test */,
				333798DE1D782FBA001CE7FB /* TimeLineImages */,
				333798EA1D782FBA001CE7FB /* tx.jpeg */,
			);
			path = Images;
			sourceTree = "<group>";
		};
		333798991D7829B9001CE7FB /* Classes */ = {
			isa = PBXGroup;
			children = (
				3337989A1D7829B9001CE7FB /* AppDelegate */,
				3337989D1D7829B9001CE7FB /* Common(通用) */,
				3337989E1D7829B9001CE7FB /* Contacts(联系人) */,
				3337989F1D7829B9001CE7FB /* Discover(发现) */,
				333798A01D7829B9001CE7FB /* Home(主页) */,
				333798A11D7829B9001CE7FB /* Lib(第三方库) */,
				333798A21D7829B9001CE7FB /* MainFrame(主框架) */,
				333798A51D7829B9001CE7FB /* Me(我) */,
				333798A61D7829B9001CE7FB /* utils */,
			);
			path = Classes;
			sourceTree = "<group>";
		};
		3337989A1D7829B9001CE7FB /* AppDelegate */ = {
			isa = PBXGroup;
			children = (
				3337989B1D7829B9001CE7FB /* AppDelegate.h */,
				3337989C1D7829B9001CE7FB /* AppDelegate.m */,
			);
			path = AppDelegate;
			sourceTree = "<group>";
		};
		3337989D1D7829B9001CE7FB /* Common(通用) */ = {
			isa = PBXGroup;
			children = (
			);
			path = "Common(通用)";
			sourceTree = "<group>";
		};
		3337989E1D7829B9001CE7FB /* Contacts(联系人) */ = {
			isa = PBXGroup;
			children = (
				333798AF1D782BA0001CE7FB /* XCContactsTableViewController.h */,
				333798B01D782BA0001CE7FB /* XCContactsTableViewController.m */,
			);
			path = "Contacts(联系人)";
			sourceTree = "<group>";
		};
		3337989F1D7829B9001CE7FB /* Discover(发现) */ = {
			isa = PBXGroup;
			children = (
				333798AC1D782B87001CE7FB /* XCDiscoverTableViewController.h */,
				333798AD1D782B87001CE7FB /* XCDiscoverTableViewController.m */,
			);
			path = "Discover(发现)";
			sourceTree = "<group>";
		};
		333798A01D7829B9001CE7FB /* Home(主页) */ = {
			isa = PBXGroup;
			children = (
				333798A91D782B5A001CE7FB /* XCHomeTableViewController.h */,
				333798AA1D782B5A001CE7FB /* XCHomeTableViewController.m */,
			);
			path = "Home(主页)";
			sourceTree = "<group>";
		};
		333798A11D7829B9001CE7FB /* Lib(第三方库) */ = {
			isa = PBXGroup;
			children = (
			);
			path = "Lib(第三方库)";
			sourceTree = "<group>";
		};
		333798A21D7829B9001CE7FB /* MainFrame(主框架) */ = {
			isa = PBXGroup;
			children = (
				333798A31D7829B9001CE7FB /* XCMainTabBarController.h */,
				333798A41D7829B9001CE7FB /* XCMainTabBarController.m */,
			);
			path = "MainFrame(主框架)";
			sourceTree = "<group>";
		};
		333798A51D7829B9001CE7FB /* Me(我) */ = {
			isa = PBXGroup;
			children = (
				333798B21D782BB1001CE7FB /* XCMeTableViewController.h */,
				333798B31D782BB1001CE7FB /* XCMeTableViewController.m */,
			);
			path = "Me(我)";
			sourceTree = "<group>";
		};
		333798A61D7829B9001CE7FB /* utils */ = {
			isa = PBXGroup;
			children = (
			);
			path = utils;
			sourceTree = "<group>";
		};
		333798B51D782FBA001CE7FB /* cell_icons */ = {
			isa = PBXGroup;
			children = (
				333798B61D782FBA001CE7FB /* 0.jpg */,
				333798B71D782FBA001CE7FB /* 1.jpg */,
				333798B81D782FBA001CE7FB /* 10.jpg */,
				333798B91D782FBA001CE7FB /* 11.jpg */,
				333798BA1D782FBA001CE7FB /* 12.jpg */,
				333798BB1D782FBA001CE7FB /* 13.jpg */,
				333798BC1D782FBA001CE7FB /* 14.jpg */,
				333798BD1D782FBA001CE7FB /* 15.jpg */,
				333798BE1D782FBA001CE7FB /* 16.jpg */,
				333798BF1D782FBA001CE7FB /* 17.jpg */,
				333798C01D782FBA001CE7FB /* 18.jpg */,
				333798C11D782FBA001CE7FB /* 19.jpg */,
				333798C21D782FBA001CE7FB /* 2.jpg */,
				333798C31D782FBA001CE7FB /* 20.jpg */,
				333798C41D782FBA001CE7FB /* 21.jpg */,
				333798C51D782FBA001CE7FB /* 22.jpg */,
				333798C61D782FBA001CE7FB /* 23.jpg */,
				333798C71D782FBA001CE7FB /* 3.jpg */,
				333798C81D782FBA001CE7FB /* 4.jpg */,
				333798C91D782FBA001CE7FB /* 5.jpg */,
				333798CA1D782FBA001CE7FB /* 6.jpg */,
				333798CB1D782FBA001CE7FB /* 7.jpg */,
				333798CC1D782FBA001CE7FB /* 8.jpg */,
				333798CD1D782FBA001CE7FB /* 9.jpg */,
				333798CE1D782FBA001CE7FB /* icon0.jpg */,
				333798CF1D782FBA001CE7FB /* icon1.jpg */,
				333798D01D782FBA001CE7FB /* icon2.jpg */,
				333798D11D782FBA001CE7FB /* icon3.jpg */,
				333798D21D782FBA001CE7FB /* icon4.jpg */,
			);
			path = cell_icons;
			sourceTree = "<group>";
		};
		333798D81D782FBA001CE7FB /* test */ = {
			isa = PBXGroup;
			children = (
				333798D91D782FBA001CE7FB /* test0.jpg */,
				333798DA1D782FBA001CE7FB /* test1.jpg */,
				333798DB1D782FBA001CE7FB /* test2.jpg */,
				333798DC1D782FBA001CE7FB /* test3.jpg */,
				333798DD1D782FBA001CE7FB /* test4.jpg */,
			);
			path = test;
			sourceTree = "<group>";
		};
		333798DE1D782FBA001CE7FB /* TimeLineImages */ = {
			isa = PBXGroup;
			children = (
				333798DF1D782FBA001CE7FB /* pbg.jpg */,
				333798E01D782FBA001CE7FB /* pic0.jpg */,
				333798E11D782FBA001CE7FB /* pic1.jpg */,
				333798E21D782FBA001CE7FB /* pic2.jpg */,
				333798E31D782FBA001CE7FB /* pic3.jpg */,
				333798E41D782FBA001CE7FB /* pic4.jpg */,
				333798E51D782FBA001CE7FB /* pic5.jpg */,
				333798E61D782FBA001CE7FB /* pic6.jpg */,
				333798E71D782FBA001CE7FB /* pic7.jpg */,
				333798E81D782FBA001CE7FB /* pic8.jpg */,
				333798E91D782FBA001CE7FB /* picon.jpg */,
			);
			path = TimeLineImages;
			sourceTree = "<group>";
		};
/* End PBXGroup section */

/* Begin PBXNativeTarget section */
		333798581D7827A8001CE7FB /* XC_WeChat */ = {
			isa = PBXNativeTarget;
			buildConfigurationList = 333798861D7827A9001CE7FB /* Build configuration list for PBXNativeTarget "XC_WeChat" */;
			buildPhases = (
				333798551D7827A8001CE7FB /* Sources */,
				333798561D7827A8001CE7FB /* Frameworks */,
				333798571D7827A8001CE7FB /* Resources */,
			);
			buildRules = (
			);
			dependencies = (
			);
			name = XC_WeChat;
			productName = XC_WeChat;
			productReference = 333798591D7827A8001CE7FB /* XC_WeChat.app */;
			productType = "com.apple.product-type.application";
		};
		333798711D7827A9001CE7FB /* XC_WeChatTests */ = {
			isa = PBXNativeTarget;
			buildConfigurationList = 333798891D7827A9001CE7FB /* Build configuration list for PBXNativeTarget "XC_WeChatTests" */;
			buildPhases = (
				3337986E1D7827A9001CE7FB /* Sources */,
				3337986F1D7827A9001CE7FB /* Frameworks */,
				333798701D7827A9001CE7FB /* Resources */,
			);
			buildRules = (
			);
			dependencies = (
				333798741D7827A9001CE7FB /* PBXTargetDependency */,
			);
			name = XC_WeChatTests;
			productName = XC_WeChatTests;
			productReference = 333798721D7827A9001CE7FB /* XC_WeChatTests.xctest */;
			productType = "com.apple.product-type.bundle.unit-test";
		};
		3337987C1D7827A9001CE7FB /* XC_WeChatUITests */ = {
			isa = PBXNativeTarget;
			buildConfigurationList = 3337988C1D7827A9001CE7FB /* Build configuration list for PBXNativeTarget "XC_WeChatUITests" */;
			buildPhases = (
				333798791D7827A9001CE7FB /* Sources */,
				3337987A1D7827A9001CE7FB /* Frameworks */,
				3337987B1D7827A9001CE7FB /* Resources */,
			);
			buildRules = (
			);
			dependencies = (
				3337987F1D7827A9001CE7FB /* PBXTargetDependency */,
			);
			name = XC_WeChatUITests;
			productName = XC_WeChatUITests;
			productReference = 3337987D1D7827A9001CE7FB /* XC_WeChatUITests.xctest */;
			productType = "com.apple.product-type.bundle.ui-testing";
		};
/* End PBXNativeTarget section */

/* Begin PBXProject section */
		333798511D7827A8001CE7FB /* Project object */ = {
			isa = PBXProject;
			attributes = {
				LastUpgradeCheck = 0730;
				ORGANIZATIONNAME = xiaocai;
				TargetAttributes = {
					333798581D7827A8001CE7FB = {
						CreatedOnToolsVersion = 7.3.1;
						DevelopmentTeam = BZ452723K9;
					};
					333798711D7827A9001CE7FB = {
						CreatedOnToolsVersion = 7.3.1;
						DevelopmentTeam = BZ452723K9;
						TestTargetID = 333798581D7827A8001CE7FB;
					};
					3337987C1D7827A9001CE7FB = {
						CreatedOnToolsVersion = 7.3.1;
						DevelopmentTeam = BZ452723K9;
						TestTargetID = 333798581D7827A8001CE7FB;
					};
				};
			};
			buildConfigurationList = 333798541D7827A8001CE7FB /* Build configuration list for PBXProject "XC_WeChat" */;
			compatibilityVersion = "Xcode 3.2";
			developmentRegion = English;
			hasScannedForEncodings = 0;
			knownRegions = (
				en,
				Base,
			);
			mainGroup = 333798501D7827A8001CE7FB;
			productRefGroup = 3337985A1D7827A8001CE7FB /* Products */;
			projectDirPath = "";
			projectRoot = "";
			targets = (
				333798581D7827A8001CE7FB /* XC_WeChat */,
				333798711D7827A9001CE7FB /* XC_WeChatTests */,
				3337987C1D7827A9001CE7FB /* XC_WeChatUITests */,
			);
		};
/* End PBXProject section */

/* Begin PBXResourcesBuildPhase section */
		333798571D7827A8001CE7FB /* Resources */ = {
			isa = PBXResourcesBuildPhase;
			buildActionMask = 2147483647;
			files = (
				333798F51D782FBA001CE7FB /* 18.jpg in Resources */,
				3337990D1D782FBA001CE7FB /* test0.jpg in Resources */,
				3337990F1D782FBA001CE7FB /* test2.jpg in Resources */,
				333799121D782FBA001CE7FB /* pbg.jpg in Resources */,
				333799141D782FBA001CE7FB /* pic1.jpg in Resources */,
				3337991C1D782FBA001CE7FB /* picon.jpg in Resources */,
				333798F11D782FBA001CE7FB /* 14.jpg in Resources */,
				333799161D782FBA001CE7FB /* pic3.jpg in Resources */,
				3337990E1D782FBA001CE7FB /* test1.jpg in Resources */,
				333798ED1D782FBA001CE7FB /* 10.jpg in Resources */,
				333799001D782FBA001CE7FB /* 7.jpg in Resources */,
				333798FF1D782FBA001CE7FB /* 6.jpg in Resources */,
				333798F01D782FBA001CE7FB /* 13.jpg in Resources */,
				333798EB1D782FBA001CE7FB /* 0.jpg in Resources */,
				333798F91D782FBA001CE7FB /* 21.jpg in Resources */,
				3337990A1D782FBA001CE7FB /* Home.xcassets in Resources */,
				333798EF1D782FBA001CE7FB /* 12.jpg in Resources */,
				333798F21D782FBA001CE7FB /* 15.jpg in Resources */,
				333798F81D782FBA001CE7FB /* 20.jpg in Resources */,
				333799191D782FBA001CE7FB /* pic6.jpg in Resources */,
				333798EC1D782FBA001CE7FB /* 1.jpg in Resources */,
				333799081D782FBA001CE7FB /* Contacts.xcassets in Resources */,
				333798FB1D782FBA001CE7FB /* 23.jpg in Resources */,
				333799021D782FBA001CE7FB /* 9.jpg in Resources */,
				333799101D782FBA001CE7FB /* test3.jpg in Resources */,
				3337990B1D782FBA001CE7FB /* Images.xcassets in Resources */,
				3337990C1D782FBA001CE7FB /* Me.xcassets in Resources */,
				333799061D782FBA001CE7FB /* icon3.jpg in Resources */,
				333799171D782FBA001CE7FB /* pic4.jpg in Resources */,
				333798FE1D782FBA001CE7FB /* 5.jpg in Resources */,
				333798F31D782FBA001CE7FB /* 16.jpg in Resources */,
				333799051D782FBA001CE7FB /* icon2.jpg in Resources */,
				333798F61D782FBA001CE7FB /* 19.jpg in Resources */,
				333799031D782FBA001CE7FB /* icon0.jpg in Resources */,
				333798EE1D782FBA001CE7FB /* 11.jpg in Resources */,
				333799151D782FBA001CE7FB /* pic2.jpg in Resources */,
				333798F41D782FBA001CE7FB /* 17.jpg in Resources */,
				333799071D782FBA001CE7FB /* icon4.jpg in Resources */,
				333798FD1D782FBA001CE7FB /* 4.jpg in Resources */,
				333798FC1D782FBA001CE7FB /* 3.jpg in Resources */,
				333799091D782FBA001CE7FB /* Discover.xcassets in Resources */,
				3337991D1D782FBA001CE7FB /* tx.jpeg in Resources */,
				333799131D782FBA001CE7FB /* pic0.jpg in Resources */,
				333799181D782FBA001CE7FB /* pic5.jpg in Resources */,
				333799041D782FBA001CE7FB /* icon1.jpg in Resources */,
				333799011D782FBA001CE7FB /* 8.jpg in Resources */,
				333798F71D782FBA001CE7FB /* 2.jpg in Resources */,
				333798FA1D782FBA001CE7FB /* 22.jpg in Resources */,
				3337991A1D782FBA001CE7FB /* pic7.jpg in Resources */,
				3337986C1D7827A9001CE7FB /* LaunchScreen.storyboard in Resources */,
				333799111D782FBA001CE7FB /* test4.jpg in Resources */,
				3337991B1D782FBA001CE7FB /* pic8.jpg in Resources */,
				333798691D7827A9001CE7FB /* Assets.xcassets in Resources */,
			);
			runOnlyForDeploymentPostprocessing = 0;
		};
		333798701D7827A9001CE7FB /* Resources */ = {
			isa = PBXResourcesBuildPhase;
			buildActionMask = 2147483647;
			files = (
			);
			runOnlyForDeploymentPostprocessing = 0;
		};
		3337987B1D7827A9001CE7FB /* Resources */ = {
			isa = PBXResourcesBuildPhase;
			buildActionMask = 2147483647;
			files = (
			);
			runOnlyForDeploymentPostprocessing = 0;
		};
/* End PBXResourcesBuildPhase section */

/* Begin PBXSourcesBuildPhase section */
		333798551D7827A8001CE7FB /* Sources */ = {
			isa = PBXSourcesBuildPhase;
			buildActionMask = 2147483647;
			files = (
				333798A71D7829B9001CE7FB /* AppDelegate.m in Sources */,
				333798AB1D782B5A001CE7FB /* XCHomeTableViewController.m in Sources */,
				3337985E1D7827A9001CE7FB /* main.m in Sources */,
				333798B41D782BB1001CE7FB /* XCMeTableViewController.m in Sources */,
				333798B11D782BA0001CE7FB /* XCContactsTableViewController.m in Sources */,
				333798AE1D782B87001CE7FB /* XCDiscoverTableViewController.m in Sources */,
				333798A81D7829B9001CE7FB /* XCMainTabBarController.m in Sources */,
			);
			runOnlyForDeploymentPostprocessing = 0;
		};
		3337986E1D7827A9001CE7FB /* Sources */ = {
			isa = PBXSourcesBuildPhase;
			buildActionMask = 2147483647;
			files = (
				333798771D7827A9001CE7FB /* XC_WeChatTests.m in Sources */,
			);
			runOnlyForDeploymentPostprocessing = 0;
		};
		333798791D7827A9001CE7FB /* Sources */ = {
			isa = PBXSourcesBuildPhase;
			buildActionMask = 2147483647;
			files = (
				333798821D7827A9001CE7FB /* XC_WeChatUITests.m in Sources */,
			);
			runOnlyForDeploymentPostprocessing = 0;
		};
/* End PBXSourcesBuildPhase section */

/* Begin PBXTargetDependency section */
		333798741D7827A9001CE7FB /* PBXTargetDependency */ = {
			isa = PBXTargetDependency;
			target = 333798581D7827A8001CE7FB /* XC_WeChat */;
			targetProxy = 333798731D7827A9001CE7FB /* PBXContainerItemProxy */;
		};
		3337987F1D7827A9001CE7FB /* PBXTargetDependency */ = {
			isa = PBXTargetDependency;
			target = 333798581D7827A8001CE7FB /* XC_WeChat */;
			targetProxy = 3337987E1D7827A9001CE7FB /* PBXContainerItemProxy */;
		};
/* End PBXTargetDependency section */

/* Begin PBXVariantGroup section */
		3337986A1D7827A9001CE7FB /* LaunchScreen.storyboard */ = {
			isa = PBXVariantGroup;
			children = (
				3337986B1D7827A9001CE7FB /* Base */,
			);
			name = LaunchScreen.storyboard;
			sourceTree = "<group>";
		};
/* End PBXVariantGroup section */

/* Begin XCBuildConfiguration section */
		333798841D7827A9001CE7FB /* Debug */ = {
			isa = XCBuildConfiguration;
			buildSettings = {
				ALWAYS_SEARCH_USER_PATHS = NO;
				CLANG_ANALYZER_NONNULL = YES;
				CLANG_CXX_LANGUAGE_STANDARD = "gnu++0x";
				CLANG_CXX_LIBRARY = "libc++";
				CLANG_ENABLE_MODULES = YES;
				CLANG_ENABLE_OBJC_ARC = YES;
				CLANG_WARN_BOOL_CONVERSION = YES;
				CLANG_WARN_CONSTANT_CONVERSION = YES;
				CLANG_WARN_DIRECT_OBJC_ISA_USAGE = YES_ERROR;
				CLANG_WARN_EMPTY_BODY = YES;
				CLANG_WARN_ENUM_CONVERSION = YES;
				CLANG_WARN_INT_CONVERSION = YES;
				CLANG_WARN_OBJC_ROOT_CLASS = YES_ERROR;
				CLANG_WARN_UNREACHABLE_CODE = YES;
				CLANG_WARN__DUPLICATE_METHOD_MATCH = YES;
				"CODE_SIGN_IDENTITY[sdk=iphoneos*]" = "iPhone Developer";
				COPY_PHASE_STRIP = NO;
				DEBUG_INFORMATION_FORMAT = dwarf;
				ENABLE_STRICT_OBJC_MSGSEND = YES;
				ENABLE_TESTABILITY = YES;
				GCC_C_LANGUAGE_STANDARD = gnu99;
				GCC_DYNAMIC_NO_PIC = NO;
				GCC_NO_COMMON_BLOCKS = YES;
				GCC_OPTIMIZATION_LEVEL = 0;
				GCC_PREPROCESSOR_DEFINITIONS = (
					"DEBUG=1",
					"$(inherited)",
				);
				GCC_WARN_64_TO_32_BIT_CONVERSION = YES;
				GCC_WARN_ABOUT_RETURN_TYPE = YES_ERROR;
				GCC_WARN_UNDECLARED_SELECTOR = YES;
				GCC_WARN_UNINITIALIZED_AUTOS = YES_AGGRESSIVE;
				GCC_WARN_UNUSED_FUNCTION = YES;
				GCC_WARN_UNUSED_VARIABLE = YES;
				IPHONEOS_DEPLOYMENT_TARGET = 9.3;
				MTL_ENABLE_DEBUG_INFO = YES;
				ONLY_ACTIVE_ARCH = YES;
				SDKROOT = iphoneos;
				TARGETED_DEVICE_FAMILY = "1,2";
			};
			name = Debug;
		};
		333798851D7827A9001CE7FB /* Release */ = {
			isa = XCBuildConfiguration;
			buildSettings = {
				ALWAYS_SEARCH_USER_PATHS = NO;
				CLANG_ANALYZER_NONNULL = YES;
				CLANG_CXX_LANGUAGE_STANDARD = "gnu++0x";
				CLANG_CXX_LIBRARY = "libc++";
				CLANG_ENABLE_MODULES = YES;
				CLANG_ENABLE_OBJC_ARC = YES;
				CLANG_WARN_BOOL_CONVERSION = YES;
				CLANG_WARN_CONSTANT_CONVERSION = YES;
				CLANG_WARN_DIRECT_OBJC_ISA_USAGE = YES_ERROR;
				CLANG_WARN_EMPTY_BODY = YES;
				CLANG_WARN_ENUM_CONVERSION = YES;
				CLANG_WARN_INT_CONVERSION = YES;
				CLANG_WARN_OBJC_ROOT_CLASS = YES_ERROR;
				CLANG_WARN_UNREACHABLE_CODE = YES;
				CLANG_WARN__DUPLICATE_METHOD_MATCH = YES;
				"CODE_SIGN_IDENTITY[sdk=iphoneos*]" = "iPhone Developer";
				COPY_PHASE_STRIP = NO;
				DEBUG_INFORMATION_FORMAT = "dwarf-with-dsym";
				ENABLE_NS_ASSERTIONS = NO;
				ENABLE_STRICT_OBJC_MSGSEND = YES;
				GCC_C_LANGUAGE_STANDARD = gnu99;
				GCC_NO_COMMON_BLOCKS = YES;
				GCC_WARN_64_TO_32_BIT_CONVERSION = YES;
				GCC_WARN_ABOUT_RETURN_TYPE = YES_ERROR;
				GCC_WARN_UNDECLARED_SELECTOR = YES;
				GCC_WARN_UNINITIALIZED_AUTOS = YES_AGGRESSIVE;
				GCC_WARN_UNUSED_FUNCTION = YES;
				GCC_WARN_UNUSED_VARIABLE = YES;
				IPHONEOS_DEPLOYMENT_TARGET = 9.3;
				MTL_ENABLE_DEBUG_INFO = NO;
				SDKROOT = iphoneos;
				TARGETED_DEVICE_FAMILY = "1,2";
				VALIDATE_PRODUCT = YES;
			};
			name = Release;
		};
		333798871D7827A9001CE7FB /* Debug */ = {
			isa = XCBuildConfiguration;
			buildSettings = {
				ASSETCATALOG_COMPILER_APPICON_NAME = AppIcon;
				INFOPLIST_FILE = XC_WeChat/Info.plist;
				LD_RUNPATH_SEARCH_PATHS = "$(inherited) @executable_path/Frameworks";
				PRODUCT_BUNDLE_IDENTIFIER = "uestc.XC-WeChat";
				PRODUCT_NAME = "$(TARGET_NAME)";
			};
			name = Debug;
		};
		333798881D7827A9001CE7FB /* Release */ = {
			isa = XCBuildConfiguration;
			buildSettings = {
				ASSETCATALOG_COMPILER_APPICON_NAME = AppIcon;
				INFOPLIST_FILE = XC_WeChat/Info.plist;
				LD_RUNPATH_SEARCH_PATHS = "$(inherited) @executable_path/Frameworks";
				PRODUCT_BUNDLE_IDENTIFIER = "uestc.XC-WeChat";
				PRODUCT_NAME = "$(TARGET_NAME)";
			};
			name = Release;
		};
		3337988A1D7827A9001CE7FB /* Debug */ = {
			isa = XCBuildConfiguration;
			buildSettings = {
				BUNDLE_LOADER = "$(TEST_HOST)";
				INFOPLIST_FILE = XC_WeChatTests/Info.plist;
				LD_RUNPATH_SEARCH_PATHS = "$(inherited) @executable_path/Frameworks @loader_path/Frameworks";
				PRODUCT_BUNDLE_IDENTIFIER = "uestc.XC-WeChatTests";
				PRODUCT_NAME = "$(TARGET_NAME)";
				TEST_HOST = "$(BUILT_PRODUCTS_DIR)/XC_WeChat.app/XC_WeChat";
			};
			name = Debug;
		};
		3337988B1D7827A9001CE7FB /* Release */ = {
			isa = XCBuildConfiguration;
			buildSettings = {
				BUNDLE_LOADER = "$(TEST_HOST)";
				INFOPLIST_FILE = XC_WeChatTests/Info.plist;
				LD_RUNPATH_SEARCH_PATHS = "$(inherited) @executable_path/Frameworks @loader_path/Frameworks";
				PRODUCT_BUNDLE_IDENTIFIER = "uestc.XC-WeChatTests";
				PRODUCT_NAME = "$(TARGET_NAME)";
				TEST_HOST = "$(BUILT_PRODUCTS_DIR)/XC_WeChat.app/XC_WeChat";
			};
			name = Release;
		};
		3337988D1D7827A9001CE7FB /* Debug */ = {
			isa = XCBuildConfiguration;
			buildSettings = {
				INFOPLIST_FILE = XC_WeChatUITests/Info.plist;
				LD_RUNPATH_SEARCH_PATHS = "$(inherited) @executable_path/Frameworks @loader_path/Frameworks";
				PRODUCT_BUNDLE_IDENTIFIER = "uestc.XC-WeChatUITests";
				PRODUCT_NAME = "$(TARGET_NAME)";
				TEST_TARGET_NAME = XC_WeChat;
			};
			name = Debug;
		};
		3337988E1D7827A9001CE7FB /* Release */ = {
			isa = XCBuildConfiguration;
			buildSettings = {
				INFOPLIST_FILE = XC_WeChatUITests/Info.plist;
				LD_RUNPATH_SEARCH_PATHS = "$(inherited) @executable_path/Frameworks @loader_path/Frameworks";
				PRODUCT_BUNDLE_IDENTIFIER = "uestc.XC-WeChatUITests";
				PRODUCT_NAME = "$(TARGET_NAME)";
				TEST_TARGET_NAME = XC_WeChat;
			};
			name = Release;
		};
/* End XCBuildConfiguration section */

/* Begin XCConfigurationList section */
		333798541D7827A8001CE7FB /* Build configuration list for PBXProject "XC_WeChat" */ = {
			isa = XCConfigurationList;
			buildConfigurations = (
				333798841D7827A9001CE7FB /* Debug */,
				333798851D7827A9001CE7FB /* Release */,
			);
			defaultConfigurationIsVisible = 0;
			defaultConfigurationName = Release;
		};
		333798861D7827A9001CE7FB /* Build configuration list for PBXNativeTarget "XC_WeChat" */ = {
			isa = XCConfigurationList;
			buildConfigurations = (
				333798871D7827A9001CE7FB /* Debug */,
				333798881D7827A9001CE7FB /* Release */,
			);
			defaultConfigurationIsVisible = 0;
		};
		333798891D7827A9001CE7FB /* Build configuration list for PBXNativeTarget "XC_WeChatTests" */ = {
			isa = XCConfigurationList;
			buildConfigurations = (
				3337988A1D7827A9001CE7FB /* Debug */,
				3337988B1D7827A9001CE7FB /* Release */,
			);
			defaultConfigurationIsVisible = 0;
		};
		3337988C1D7827A9001CE7FB /* Build configuration list for PBXNativeTarget "XC_WeChatUITests" */ = {
			isa = XCConfigurationList;
			buildConfigurations = (
				3337988D1D7827A9001CE7FB /* Debug */,
				3337988E1D7827A9001CE7FB /* Release */,
			);
			defaultConfigurationIsVisible = 0;
		};
/* End XCConfigurationList section */
	};
	rootObject = 333798511D7827A8001CE7FB /* Project object */;
}
